PODS:
  - IQKeyboardManagerSwift (6.3.0)
  - SQLite.swift (0.12.2):
    - SQLite.swift/standard (= 0.12.2)
  - SQLite.swift/standard (0.12.2)
  - XLPagerTabStrip (9.0.0)

DEPENDENCIES:
  - IQKeyboardManagerSwift (= 6.3.0)
  - SQLite.swift (~> 0.12.0)
  - XLPagerTabStrip (~> 9.0)

SPEC REPOS:
  trunk:
    - IQKeyboardManagerSwift
    - SQLite.swift
    - XLPagerTabStrip

SPEC CHECKSUMS:
  IQKeyboardManagerSwift: a8228c257614af98743b4cd8584637025f36358f
  SQLite.swift: d2b4642190917051ce6bd1d49aab565fe794eea3
  XLPagerTabStrip: 61c57fd61f611ee5f01ff1495ad6fbee8bf496c5

PODFILE CHECKSUM: 6598841fdc3011d57a5730396f9dd260995c1869

COCOAPODS: 1.8.4
